// !$*UTF8*$!
{
	archiveVersion = 1;
	classes = {
	};
	objectVersion = 56;
	objects = {

/* Begin PBXBuildFile section */
		3D0DDF3A2BE8CB1D00C63676 /* CustomTitleView.swift in Sources */ = {isa = PBXBuildFile; fileRef = 3D0DDF392BE8CB1D00C63676 /* CustomTitleView.swift */; };
		3D0DDF3D2BE9117A00C63676 /* UIColor+Extension.swift in Sources */ = {isa = PBXBuildFile; fileRef = 3D0DDF3C2BE9117A00C63676 /* UIColor+Extension.swift */; };
		3D2EC62C2BE6C88300B89F3F /* CoinLogic.swift in Sources */ = {isa = PBXBuildFile; fileRef = 3D2EC62B2BE6C88300B89F3F /* CoinLogic.swift */; };
		3D2EC62E2BE6C9CB00B89F3F /* Webservice.swift in Sources */ = {isa = PBXBuildFile; fileRef = 3D2EC62D2BE6C9CB00B89F3F /* Webservice.swift */; };
		3D2EC6312BE6CAD800B89F3F /* Alamofire in Frameworks */ = {isa = PBXBuildFile; productRef = 3D2EC6302BE6CAD800B89F3F /* Alamofire */; };
		3D2EC6332BE6CAD800B89F3F /* AlamofireDynamic in Frameworks */ = {isa = PBXBuildFile; productRef = 3D2EC6322BE6CAD800B89F3F /* AlamofireDynamic */; };
		3D2EC6352BE6CCF900B89F3F /* Router.swift in Sources */ = {isa = PBXBuildFile; fileRef = 3D2EC6342BE6CCF900B89F3F /* Router.swift */; };
		3D2EC63A2BE6D08F00B89F3F /* CoinCell.swift in Sources */ = {isa = PBXBuildFile; fileRef = 3D2EC6382BE6D08F00B89F3F /* CoinCell.swift */; };
		3D2EC63B2BE6D08F00B89F3F /* CoinCell.xib in Resources */ = {isa = PBXBuildFile; fileRef = 3D2EC6392BE6D08F00B89F3F /* CoinCell.xib */; };
		3D91622B2BE6B98300441BF9 /* AppDelegate.swift in Sources */ = {isa = PBXBuildFile; fileRef = 3D91622A2BE6B98300441BF9 /* AppDelegate.swift */; };
		3D91622D2BE6B98300441BF9 /* SceneDelegate.swift in Sources */ = {isa = PBXBuildFile; fileRef = 3D91622C2BE6B98300441BF9 /* SceneDelegate.swift */; };
		3D91622F2BE6B98300441BF9 /* HomeViewController.swift in Sources */ = {isa = PBXBuildFile; fileRef = 3D91622E2BE6B98300441BF9 /* HomeViewController.swift */; };
		3D9162322BE6B98300441BF9 /* Base in Resources */ = {isa = PBXBuildFile; fileRef = 3D9162312BE6B98300441BF9 /* Base */; };
		3D9162342BE6B98400441BF9 /* Assets.xcassets in Resources */ = {isa = PBXBuildFile; fileRef = 3D9162332BE6B98400441BF9 /* Assets.xcassets */; };
		3D9162372BE6B98400441BF9 /* Base in Resources */ = {isa = PBXBuildFile; fileRef = 3D9162362BE6B98400441BF9 /* Base */; };
		3D9162472BE6C59F00441BF9 /* Constants.swift in Sources */ = {isa = PBXBuildFile; fileRef = 3D9162462BE6C59F00441BF9 /* Constants.swift */; };
		3D9162492BE6C5F800441BF9 /* CoinResponse.swift in Sources */ = {isa = PBXBuildFile; fileRef = 3D9162482BE6C5F800441BF9 /* CoinResponse.swift */; };
		3D91624C2BE6C6BF00441BF9 /* CoinLogicProtocol.swift in Sources */ = {isa = PBXBuildFile; fileRef = 3D91624B2BE6C6BF00441BF9 /* CoinLogicProtocol.swift */; };
		3D91C4932BE9A33C00EC04F0 /* ChartView.swift in Sources */ = {isa = PBXBuildFile; fileRef = 3D91C4922BE9A33C00EC04F0 /* ChartView.swift */; };
		3DAADFFD2BE811E5003A5C33 /* Kingfisher in Frameworks */ = {isa = PBXBuildFile; productRef = 3DAADFFC2BE811E5003A5C33 /* Kingfisher */; };
		3DAAE0002BE81EC2003A5C33 /* Format+Extension.swift in Sources */ = {isa = PBXBuildFile; fileRef = 3DAADFFF2BE81EC2003A5C33 /* Format+Extension.swift */; };
		3DAAE0022BE83206003A5C33 /* UIView+Extension.swift in Sources */ = {isa = PBXBuildFile; fileRef = 3DAAE0012BE83206003A5C33 /* UIView+Extension.swift */; };
		3DAAE0042BE83321003A5C33 /* DetailViewController.swift in Sources */ = {isa = PBXBuildFile; fileRef = 3DAAE0032BE83321003A5C33 /* DetailViewController.swift */; };
		3DAAE00B2BE83B57003A5C33 /* RankingCell.swift in Sources */ = {isa = PBXBuildFile; fileRef = 3DAAE0092BE83B57003A5C33 /* RankingCell.swift */; };
		3DAAE00C2BE83B57003A5C33 /* RankingCell.xib in Resources */ = {isa = PBXBuildFile; fileRef = 3DAAE00A2BE83B57003A5C33 /* RankingCell.xib */; };
/* End PBXBuildFile section */

/* Begin PBXFileReference section */
		3D0DDF392BE8CB1D00C63676 /* CustomTitleView.swift */ = {isa = PBXFileReference; lastKnownFileType = sourcecode.swift; path = CustomTitleView.swift; sourceTree = "<group>"; };
		3D0DDF3C2BE9117A00C63676 /* UIColor+Extension.swift */ = {isa = PBXFileReference; lastKnownFileType = sourcecode.swift; path = "UIColor+Extension.swift"; sourceTree = "<group>"; };
		3D2EC62B2BE6C88300B89F3F /* CoinLogic.swift */ = {isa = PBXFileReference; lastKnownFileType = sourcecode.swift; path = CoinLogic.swift; sourceTree = "<group>"; };
		3D2EC62D2BE6C9CB00B89F3F /* Webservice.swift */ = {isa = PBXFileReference; lastKnownFileType = sourcecode.swift; path = Webservice.swift; sourceTree = "<group>"; };
		3D2EC6342BE6CCF900B89F3F /* Router.swift */ = {isa = PBXFileReference; lastKnownFileType = sourcecode.swift; path = Router.swift; sourceTree = "<group>"; };
		3D2EC6382BE6D08F00B89F3F /* CoinCell.swift */ = {isa = PBXFileReference; lastKnownFileType = sourcecode.swift; path = CoinCell.swift; sourceTree = "<group>"; };
		3D2EC6392BE6D08F00B89F3F /* CoinCell.xib */ = {isa = PBXFileReference; lastKnownFileType = file.xib; path = CoinCell.xib; sourceTree = "<group>"; };
		3D9162272BE6B98300441BF9 /* Crypto-App.app */ = {isa = PBXFileReference; explicitFileType = wrapper.application; includeInIndex = 0; path = "Crypto-App.app"; sourceTree = BUILT_PRODUCTS_DIR; };
		3D91622A2BE6B98300441BF9 /* AppDelegate.swift */ = {isa = PBXFileReference; lastKnownFileType = sourcecode.swift; path = AppDelegate.swift; sourceTree = "<group>"; };
		3D91622C2BE6B98300441BF9 /* SceneDelegate.swift */ = {isa = PBXFileReference; lastKnownFileType = sourcecode.swift; path = SceneDelegate.swift; sourceTree = "<group>"; };
		3D91622E2BE6B98300441BF9 /* HomeViewController.swift */ = {isa = PBXFileReference; lastKnownFileType = sourcecode.swift; path = HomeViewController.swift; sourceTree = "<group>"; };
		3D9162312BE6B98300441BF9 /* Base */ = {isa = PBXFileReference; lastKnownFileType = file.storyboard; name = Base; path = Base.lproj/Main.storyboard; sourceTree = "<group>"; };
		3D9162332BE6B98400441BF9 /* Assets.xcassets */ = {isa = PBXFileReference; lastKnownFileType = folder.assetcatalog; path = Assets.xcassets; sourceTree = "<group>"; };
		3D9162362BE6B98400441BF9 /* Base */ = {isa = PBXFileReference; lastKnownFileType = file.storyboard; name = Base; path = Base.lproj/LaunchScreen.storyboard; sourceTree = "<group>"; };
		3D9162382BE6B98400441BF9 /* Info.plist */ = {isa = PBXFileReference; lastKnownFileType = text.plist.xml; path = Info.plist; sourceTree = "<group>"; };
		3D9162462BE6C59F00441BF9 /* Constants.swift */ = {isa = PBXFileReference; lastKnownFileType = sourcecode.swift; path = Constants.swift; sourceTree = "<group>"; };
		3D9162482BE6C5F800441BF9 /* CoinResponse.swift */ = {isa = PBXFileReference; lastKnownFileType = sourcecode.swift; path = CoinResponse.swift; sourceTree = "<group>"; };
		3D91624B2BE6C6BF00441BF9 /* CoinLogicProtocol.swift */ = {isa = PBXFileReference; lastKnownFileType = sourcecode.swift; path = CoinLogicProtocol.swift; sourceTree = "<group>"; };
		3D91C4922BE9A33C00EC04F0 /* ChartView.swift */ = {isa = PBXFileReference; lastKnownFileType = sourcecode.swift; path = ChartView.swift; sourceTree = "<group>"; };
		3DAADFFF2BE81EC2003A5C33 /* Format+Extension.swift */ = {isa = PBXFileReference; lastKnownFileType = sourcecode.swift; path = "Format+Extension.swift"; sourceTree = "<group>"; };
		3DAAE0012BE83206003A5C33 /* UIView+Extension.swift */ = {isa = PBXFileReference; lastKnownFileType = sourcecode.swift; path = "UIView+Extension.swift"; sourceTree = "<group>"; };
		3DAAE0032BE83321003A5C33 /* DetailViewController.swift */ = {isa = PBXFileReference; lastKnownFileType = sourcecode.swift; path = DetailViewController.swift; sourceTree = "<group>"; };
		3DAAE0092BE83B57003A5C33 /* RankingCell.swift */ = {isa = PBXFileReference; lastKnownFileType = sourcecode.swift; path = RankingCell.swift; sourceTree = "<group>"; };
		3DAAE00A2BE83B57003A5C33 /* RankingCell.xib */ = {isa = PBXFileReference; lastKnownFileType = file.xib; path = RankingCell.xib; sourceTree = "<group>"; };
/* End PBXFileReference section */

/* Begin PBXFrameworksBuildPhase section */
		3D9162242BE6B98300441BF9 /* Frameworks */ = {
			isa = PBXFrameworksBuildPhase;
			buildActionMask = 2147483647;
			files = (
				3DAADFFD2BE811E5003A5C33 /* Kingfisher in Frameworks */,
				3D2EC6312BE6CAD800B89F3F /* Alamofire in Frameworks */,
				3D2EC6332BE6CAD800B89F3F /* AlamofireDynamic in Frameworks */,
			);
			runOnlyForDeploymentPostprocessing = 0;
		};
/* End PBXFrameworksBuildPhase section */

/* Begin PBXGroup section */
		3D0DDF382BE8CAF400C63676 /* NavbarTitleView */ = {
			isa = PBXGroup;
			children = (
				3D0DDF392BE8CB1D00C63676 /* CustomTitleView.swift */,
			);
			path = NavbarTitleView;
			sourceTree = "<group>";
		};
		3D2EC6362BE6D02300B89F3F /* CustomViews */ = {
			isa = PBXGroup;
			children = (
				3D91C4942BE9A34F00EC04F0 /* ChartView */,
				3D0DDF382BE8CAF400C63676 /* NavbarTitleView */,
				3D2EC6372BE6D03B00B89F3F /* Cells */,
			);
			path = CustomViews;
			sourceTree = "<group>";
		};
		3D2EC6372BE6D03B00B89F3F /* Cells */ = {
			isa = PBXGroup;
			children = (
				3DAAE0062BE83AD2003A5C33 /* RankingCell */,
				3DAAE0052BE83AC1003A5C33 /* CoinCell */,
			);
			path = Cells;
			sourceTree = "<group>";
		};
		3D91621E2BE6B98300441BF9 = {
			isa = PBXGroup;
			children = (
				3D9162292BE6B98300441BF9 /* Crypto-App */,
				3D9162302BE6B98300441BF9 /* Main.storyboard */,
				3D9162282BE6B98300441BF9 /* Products */,
			);
			sourceTree = "<group>";
		};
		3D9162282BE6B98300441BF9 /* Products */ = {
			isa = PBXGroup;
			children = (
				3D9162272BE6B98300441BF9 /* Crypto-App.app */,
			);
			name = Products;
			sourceTree = "<group>";
		};
		3D9162292BE6B98300441BF9 /* Crypto-App */ = {
			isa = PBXGroup;
			children = (
				3DAADFFE2BE81E96003A5C33 /* Extensions */,
				3D2EC6362BE6D02300B89F3F /* CustomViews */,
				3D91624A2BE6C6A400441BF9 /* Network */,
				3D9162452BE6BBB100441BF9 /* Constants */,
				3D9162442BE6BBA500441BF9 /* Model */,
				3D9162432BE6BAD000441BF9 /* Controller */,
				3D9162422BE6BAB600441BF9 /* Core */,
				3D91623E2BE6BA6500441BF9 /* Files */,
			);
			path = "Crypto-App";
			sourceTree = "<group>";
		};
		3D91623E2BE6BA6500441BF9 /* Files */ = {
			isa = PBXGroup;
			children = (
				3D9162332BE6B98400441BF9 /* Assets.xcassets */,
				3D9162352BE6B98400441BF9 /* LaunchScreen.storyboard */,
				3D9162382BE6B98400441BF9 /* Info.plist */,
			);
			name = Files;
			sourceTree = "<group>";
		};
		3D9162422BE6BAB600441BF9 /* Core */ = {
			isa = PBXGroup;
			children = (
				3D91622A2BE6B98300441BF9 /* AppDelegate.swift */,
				3D91622C2BE6B98300441BF9 /* SceneDelegate.swift */,
			);
			path = Core;
			sourceTree = "<group>";
		};
		3D9162432BE6BAD000441BF9 /* Controller */ = {
			isa = PBXGroup;
			children = (
				3D91622E2BE6B98300441BF9 /* HomeViewController.swift */,
				3DAAE0032BE83321003A5C33 /* DetailViewController.swift */,
			);
			path = Controller;
			sourceTree = "<group>";
		};
		3D9162442BE6BBA500441BF9 /* Model */ = {
			isa = PBXGroup;
			children = (
				3D9162482BE6C5F800441BF9 /* CoinResponse.swift */,
			);
			path = Model;
			sourceTree = "<group>";
		};
		3D9162452BE6BBB100441BF9 /* Constants */ = {
			isa = PBXGroup;
			children = (
				3D9162462BE6C59F00441BF9 /* Constants.swift */,
			);
			path = Constants;
			sourceTree = "<group>";
		};
		3D91624A2BE6C6A400441BF9 /* Network */ = {
			isa = PBXGroup;
			children = (
				3D91624B2BE6C6BF00441BF9 /* CoinLogicProtocol.swift */,
				3D2EC62B2BE6C88300B89F3F /* CoinLogic.swift */,
				3D2EC62D2BE6C9CB00B89F3F /* Webservice.swift */,
				3D2EC6342BE6CCF900B89F3F /* Router.swift */,
			);
			path = Network;
			sourceTree = "<group>";
		};
		3D91C4942BE9A34F00EC04F0 /* ChartView */ = {
			isa = PBXGroup;
			children = (
				3D91C4922BE9A33C00EC04F0 /* ChartView.swift */,
			);
			path = ChartView;
			sourceTree = "<group>";
		};
		3DAADFFE2BE81E96003A5C33 /* Extensions */ = {
			isa = PBXGroup;
			children = (
				3DAADFFF2BE81EC2003A5C33 /* Format+Extension.swift */,
				3DAAE0012BE83206003A5C33 /* UIView+Extension.swift */,
				3D0DDF3C2BE9117A00C63676 /* UIColor+Extension.swift */,
			);
			path = Extensions;
			sourceTree = "<group>";
		};
		3DAAE0052BE83AC1003A5C33 /* CoinCell */ = {
			isa = PBXGroup;
			children = (
				3D2EC6382BE6D08F00B89F3F /* CoinCell.swift */,
				3D2EC6392BE6D08F00B89F3F /* CoinCell.xib */,
			);
			path = CoinCell;
			sourceTree = "<group>";
		};
		3DAAE0062BE83AD2003A5C33 /* RankingCell */ = {
			isa = PBXGroup;
			children = (
				3DAAE0092BE83B57003A5C33 /* RankingCell.swift */,
				3DAAE00A2BE83B57003A5C33 /* RankingCell.xib */,
			);
			path = RankingCell;
			sourceTree = "<group>";
		};
/* End PBXGroup section */

/* Begin PBXNativeTarget section */
		3D9162262BE6B98300441BF9 /* Crypto-App */ = {
			isa = PBXNativeTarget;
			buildConfigurationList = 3D91623B2BE6B98400441BF9 /* Build configuration list for PBXNativeTarget "Crypto-App" */;
			buildPhases = (
				3D9162232BE6B98300441BF9 /* Sources */,
				3D9162242BE6B98300441BF9 /* Frameworks */,
				3D9162252BE6B98300441BF9 /* Resources */,
			);
			buildRules = (
			);
			dependencies = (
			);
			name = "Crypto-App";
			packageProductDependencies = (
				3D2EC6302BE6CAD800B89F3F /* Alamofire */,
				3D2EC6322BE6CAD800B89F3F /* AlamofireDynamic */,
				3DAADFFC2BE811E5003A5C33 /* Kingfisher */,
			);
			productName = "Crypto-App";
			productReference = 3D9162272BE6B98300441BF9 /* Crypto-App.app */;
			productType = "com.apple.product-type.application";
		};
/* End PBXNativeTarget section */

/* Begin PBXProject section */
		3D91621F2BE6B98300441BF9 /* Project object */ = {
			isa = PBXProject;
			attributes = {
				BuildIndependentTargetsInParallel = 1;
				LastSwiftUpdateCheck = 1530;
				LastUpgradeCheck = 1530;
				TargetAttributes = {
					3D9162262BE6B98300441BF9 = {
						CreatedOnToolsVersion = 15.3;
					};
				};
			};
			buildConfigurationList = 3D9162222BE6B98300441BF9 /* Build configuration list for PBXProject "Crypto-App" */;
			compatibilityVersion = "Xcode 14.0";
			developmentRegion = en;
			hasScannedForEncodings = 0;
			knownRegions = (
				en,
				Base,
			);
			mainGroup = 3D91621E2BE6B98300441BF9;
			packageReferences = (
				3D2EC62F2BE6CAD800B89F3F /* XCRemoteSwiftPackageReference "Alamofire" */,
				3DAADFFB2BE811E5003A5C33 /* XCRemoteSwiftPackageReference "Kingfisher" */,
			);
			productRefGroup = 3D9162282BE6B98300441BF9 /* Products */;
			projectDirPath = "";
			projectRoot = "";
			targets = (
				3D9162262BE6B98300441BF9 /* Crypto-App */,
			);
		};
/* End PBXProject section */

/* Begin PBXResourcesBuildPhase section */
		3D9162252BE6B98300441BF9 /* Resources */ = {
			isa = PBXResourcesBuildPhase;
			buildActionMask = 2147483647;
			files = (
				3D9162342BE6B98400441BF9 /* Assets.xcassets in Resources */,
				3D9162372BE6B98400441BF9 /* Base in Resources */,
				3DAAE00C2BE83B57003A5C33 /* RankingCell.xib in Resources */,
				3D2EC63B2BE6D08F00B89F3F /* CoinCell.xib in Resources */,
				3D9162322BE6B98300441BF9 /* Base in Resources */,
			);
			runOnlyForDeploymentPostprocessing = 0;
		};
/* End PBXResourcesBuildPhase section */

/* Begin PBXSourcesBuildPhase section */
		3D9162232BE6B98300441BF9 /* Sources */ = {
			isa = PBXSourcesBuildPhase;
			buildActionMask = 2147483647;
			files = (
				3DAAE0042BE83321003A5C33 /* DetailViewController.swift in Sources */,
				3D2EC62C2BE6C88300B89F3F /* CoinLogic.swift in Sources */,
				3D91622F2BE6B98300441BF9 /* HomeViewController.swift in Sources */,
				3D2EC62E2BE6C9CB00B89F3F /* Webservice.swift in Sources */,
				3D91622B2BE6B98300441BF9 /* AppDelegate.swift in Sources */,
				3D2EC6352BE6CCF900B89F3F /* Router.swift in Sources */,
				3DAAE00B2BE83B57003A5C33 /* RankingCell.swift in Sources */,
				3D0DDF3D2BE9117A00C63676 /* UIColor+Extension.swift in Sources */,
				3DAAE0002BE81EC2003A5C33 /* Format+Extension.swift in Sources */,
				3D0DDF3A2BE8CB1D00C63676 /* CustomTitleView.swift in Sources */,
				3DAAE0022BE83206003A5C33 /* UIView+Extension.swift in Sources */,
				3D91622D2BE6B98300441BF9 /* SceneDelegate.swift in Sources */,
				3D2EC63A2BE6D08F00B89F3F /* CoinCell.swift in Sources */,
				3D9162492BE6C5F800441BF9 /* CoinResponse.swift in Sources */,
				3D91C4932BE9A33C00EC04F0 /* ChartView.swift in Sources */,
				3D9162472BE6C59F00441BF9 /* Constants.swift in Sources */,
				3D91624C2BE6C6BF00441BF9 /* CoinLogicProtocol.swift in Sources */,
			);
			runOnlyForDeploymentPostprocessing = 0;
		};
/* End PBXSourcesBuildPhase section */

/* Begin PBXVariantGroup section */
		3D9162302BE6B98300441BF9 /* Main.storyboard */ = {
			isa = PBXVariantGroup;
			children = (
				3D9162312BE6B98300441BF9 /* Base */,
			);
			name = Main.storyboard;
			sourceTree = "<group>";
		};
		3D9162352BE6B98400441BF9 /* LaunchScreen.storyboard */ = {
			isa = PBXVariantGroup;
			children = (
				3D9162362BE6B98400441BF9 /* Base */,
			);
			name = LaunchScreen.storyboard;
			sourceTree = "<group>";
		};
/* End PBXVariantGroup section */

/* Begin XCBuildConfiguration section */
		3D9162392BE6B98400441BF9 /* Debug */ = {
			isa = XCBuildConfiguration;
			buildSettings = {
				ALWAYS_SEARCH_USER_PATHS = NO;
				ASSETCATALOG_COMPILER_GENERATE_SWIFT_ASSET_SYMBOL_EXTENSIONS = YES;
				CLANG_ANALYZER_NONNULL = YES;
				CLANG_ANALYZER_NUMBER_OBJECT_CONVERSION = YES_AGGRESSIVE;
				CLANG_CXX_LANGUAGE_STANDARD = "gnu++20";
				CLANG_ENABLE_MODULES = YES;
				CLANG_ENABLE_OBJC_ARC = YES;
				CLANG_ENABLE_OBJC_WEAK = YES;
				CLANG_WARN_BLOCK_CAPTURE_AUTORELEASING = YES;
				CLANG_WARN_BOOL_CONVERSION = YES;
				CLANG_WARN_COMMA = YES;
				CLANG_WARN_CONSTANT_CONVERSION = YES;
				CLANG_WARN_DEPRECATED_OBJC_IMPLEMENTATIONS = YES;
				CLANG_WARN_DIRECT_OBJC_ISA_USAGE = YES_ERROR;
				CLANG_WARN_DOCUMENTATION_COMMENTS = YES;
				CLANG_WARN_EMPTY_BODY = YES;
				CLANG_WARN_ENUM_CONVERSION = YES;
				CLANG_WARN_INFINITE_RECURSION = YES;
				CLANG_WARN_INT_CONVERSION = YES;
				CLANG_WARN_NON_LITERAL_NULL_CONVERSION = YES;
				CLANG_WARN_OBJC_IMPLICIT_RETAIN_SELF = YES;
				CLANG_WARN_OBJC_LITERAL_CONVERSION = YES;
				CLANG_WARN_OBJC_ROOT_CLASS = YES_ERROR;
				CLANG_WARN_QUOTED_INCLUDE_IN_FRAMEWORK_HEADER = YES;
				CLANG_WARN_RANGE_LOOP_ANALYSIS = YES;
				CLANG_WARN_STRICT_PROTOTYPES = YES;
				CLANG_WARN_SUSPICIOUS_MOVE = YES;
				CLANG_WARN_UNGUARDED_AVAILABILITY = YES_AGGRESSIVE;
				CLANG_WARN_UNREACHABLE_CODE = YES;
				CLANG_WARN__DUPLICATE_METHOD_MATCH = YES;
				COPY_PHASE_STRIP = NO;
				DEBUG_INFORMATION_FORMAT = dwarf;
				ENABLE_STRICT_OBJC_MSGSEND = YES;
				ENABLE_TESTABILITY = YES;
				ENABLE_USER_SCRIPT_SANDBOXING = YES;
				GCC_C_LANGUAGE_STANDARD = gnu17;
				GCC_DYNAMIC_NO_PIC = NO;
				GCC_NO_COMMON_BLOCKS = YES;
				GCC_OPTIMIZATION_LEVEL = 0;
				GCC_PREPROCESSOR_DEFINITIONS = (
					"DEBUG=1",
					"$(inherited)",
				);
				GCC_WARN_64_TO_32_BIT_CONVERSION = YES;
				GCC_WARN_ABOUT_RETURN_TYPE = YES_ERROR;
				GCC_WARN_UNDECLARED_SELECTOR = YES;
				GCC_WARN_UNINITIALIZED_AUTOS = YES_AGGRESSIVE;
				GCC_WARN_UNUSED_FUNCTION = YES;
				GCC_WARN_UNUSED_VARIABLE = YES;
				IPHONEOS_DEPLOYMENT_TARGET = 17.4;
				LOCALIZATION_PREFERS_STRING_CATALOGS = YES;
				MTL_ENABLE_DEBUG_INFO = INCLUDE_SOURCE;
				MTL_FAST_MATH = YES;
				ONLY_ACTIVE_ARCH = YES;
				SDKROOT = iphoneos;
				SWIFT_ACTIVE_COMPILATION_CONDITIONS = "DEBUG $(inherited)";
				SWIFT_OPTIMIZATION_LEVEL = "-Onone";
			};
			name = Debug;
		};
		3D91623A2BE6B98400441BF9 /* Release */ = {
			isa = XCBuildConfiguration;
			buildSettings = {
				ALWAYS_SEARCH_USER_PATHS = NO;
				ASSETCATALOG_COMPILER_GENERATE_SWIFT_ASSET_SYMBOL_EXTENSIONS = YES;
				CLANG_ANALYZER_NONNULL = YES;
				CLANG_ANALYZER_NUMBER_OBJECT_CONVERSION = YES_AGGRESSIVE;
				CLANG_CXX_LANGUAGE_STANDARD = "gnu++20";
				CLANG_ENABLE_MODULES = YES;
				CLANG_ENABLE_OBJC_ARC = YES;
				CLANG_ENABLE_OBJC_WEAK = YES;
				CLANG_WARN_BLOCK_CAPTURE_AUTORELEASING = YES;
				CLANG_WARN_BOOL_CONVERSION = YES;
				CLANG_WARN_COMMA = YES;
				CLANG_WARN_CONSTANT_CONVERSION = YES;
				CLANG_WARN_DEPRECATED_OBJC_IMPLEMENTATIONS = YES;
				CLANG_WARN_DIRECT_OBJC_ISA_USAGE = YES_ERROR;
				CLANG_WARN_DOCUMENTATION_COMMENTS = YES;
				CLANG_WARN_EMPTY_BODY = YES;
				CLANG_WARN_ENUM_CONVERSION = YES;
				CLANG_WARN_INFINITE_RECURSION = YES;
				CLANG_WARN_INT_CONVERSION = YES;
				CLANG_WARN_NON_LITERAL_NULL_CONVERSION = YES;
				CLANG_WARN_OBJC_IMPLICIT_RETAIN_SELF = YES;
				CLANG_WARN_OBJC_LITERAL_CONVERSION = YES;
				CLANG_WARN_OBJC_ROOT_CLASS = YES_ERROR;
				CLANG_WARN_QUOTED_INCLUDE_IN_FRAMEWORK_HEADER = YES;
				CLANG_WARN_RANGE_LOOP_ANALYSIS = YES;
				CLANG_WARN_STRICT_PROTOTYPES = YES;
				CLANG_WARN_SUSPICIOUS_MOVE = YES;
				CLANG_WARN_UNGUARDED_AVAILABILITY = YES_AGGRESSIVE;
				CLANG_WARN_UNREACHABLE_CODE = YES;
				CLANG_WARN__DUPLICATE_METHOD_MATCH = YES;
				COPY_PHASE_STRIP = NO;
				DEBUG_INFORMATION_FORMAT = "dwarf-with-dsym";
				ENABLE_NS_ASSERTIONS = NO;
				ENABLE_STRICT_OBJC_MSGSEND = YES;
				ENABLE_USER_SCRIPT_SANDBOXING = YES;
				GCC_C_LANGUAGE_STANDARD = gnu17;
				GCC_NO_COMMON_BLOCKS = YES;
				GCC_WARN_64_TO_32_BIT_CONVERSION = YES;
				GCC_WARN_ABOUT_RETURN_TYPE = YES_ERROR;
				GCC_WARN_UNDECLARED_SELECTOR = YES;
				GCC_WARN_UNINITIALIZED_AUTOS = YES_AGGRESSIVE;
				GCC_WARN_UNUSED_FUNCTION = YES;
				GCC_WARN_UNUSED_VARIABLE = YES;
				IPHONEOS_DEPLOYMENT_TARGET = 17.4;
				LOCALIZATION_PREFERS_STRING_CATALOGS = YES;
				MTL_ENABLE_DEBUG_INFO = NO;
				MTL_FAST_MATH = YES;
				SDKROOT = iphoneos;
				SWIFT_COMPILATION_MODE = wholemodule;
				VALIDATE_PRODUCT = YES;
			};
			name = Release;
		};
		3D91623C2BE6B98400441BF9 /* Debug */ = {
			isa = XCBuildConfiguration;
			buildSettings = {
				ASSETCATALOG_COMPILER_APPICON_NAME = AppIcon;
				ASSETCATALOG_COMPILER_GLOBAL_ACCENT_COLOR_NAME = AccentColor;
				CODE_SIGN_STYLE = Automatic;
				CURRENT_PROJECT_VERSION = 1;
				GENERATE_INFOPLIST_FILE = YES;
				INFOPLIST_FILE = "Crypto-App/Info.plist";
				INFOPLIST_KEY_UIApplicationSupportsIndirectInputEvents = YES;
				INFOPLIST_KEY_UILaunchStoryboardName = LaunchScreen;
				INFOPLIST_KEY_UIMainStoryboardFile = Main;
				INFOPLIST_KEY_UISupportedInterfaceOrientations_iPad = "UIInterfaceOrientationPortrait UIInterfaceOrientationPortraitUpsideDown UIInterfaceOrientationLandscapeLeft UIInterfaceOrientationLandscapeRight";
				INFOPLIST_KEY_UISupportedInterfaceOrientations_iPhone = "UIInterfaceOrientationPortrait UIInterfaceOrientationLandscapeLeft UIInterfaceOrientationLandscapeRight";
				LD_RUNPATH_SEARCH_PATHS = (
					"$(inherited)",
					"@executable_path/Frameworks",
				);
				MARKETING_VERSION = 1.0;
				PRODUCT_BUNDLE_IDENTIFIER = "com.alihizardere.Crypto-App";
				PRODUCT_NAME = "$(TARGET_NAME)";
				SWIFT_EMIT_LOC_STRINGS = YES;
				SWIFT_VERSION = 5.0;
				TARGETED_DEVICE_FAMILY = "1,2";
			};
			name = Debug;
		};
		3D91623D2BE6B98400441BF9 /* Release */ = {
			isa = XCBuildConfiguration;
			buildSettings = {
				ASSETCATALOG_COMPILER_APPICON_NAME = AppIcon;
				ASSETCATALOG_COMPILER_GLOBAL_ACCENT_COLOR_NAME = AccentColor;
				CODE_SIGN_STYLE = Automatic;
				CURRENT_PROJECT_VERSION = 1;
				GENERATE_INFOPLIST_FILE = YES;
				INFOPLIST_FILE = "Crypto-App/Info.plist";
				INFOPLIST_KEY_UIApplicationSupportsIndirectInputEvents = YES;
				INFOPLIST_KEY_UILaunchStoryboardName = LaunchScreen;
				INFOPLIST_KEY_UIMainStoryboardFile = Main;
				INFOPLIST_KEY_UISupportedInterfaceOrientations_iPad = "UIInterfaceOrientationPortrait UIInterfaceOrientationPortraitUpsideDown UIInterfaceOrientationLandscapeLeft UIInterfaceOrientationLandscapeRight";
				INFOPLIST_KEY_UISupportedInterfaceOrientations_iPhone = "UIInterfaceOrientationPortrait UIInterfaceOrientationLandscapeLeft UIInterfaceOrientationLandscapeRight";
				LD_RUNPATH_SEARCH_PATHS = (
					"$(inherited)",
					"@executable_path/Frameworks",
				);
				MARKETING_VERSION = 1.0;
				PRODUCT_BUNDLE_IDENTIFIER = "com.alihizardere.Crypto-App";
				PRODUCT_NAME = "$(TARGET_NAME)";
				SWIFT_EMIT_LOC_STRINGS = YES;
				SWIFT_VERSION = 5.0;
				TARGETED_DEVICE_FAMILY = "1,2";
			};
			name = Release;
		};
/* End XCBuildConfiguration section */

/* Begin XCConfigurationList section */
		3D9162222BE6B98300441BF9 /* Build configuration list for PBXProject "Crypto-App" */ = {
			isa = XCConfigurationList;
			buildConfigurations = (
				3D9162392BE6B98400441BF9 /* Debug */,
				3D91623A2BE6B98400441BF9 /* Release */,
			);
			defaultConfigurationIsVisible = 0;
			defaultConfigurationName = Release;
		};
		3D91623B2BE6B98400441BF9 /* Build configuration list for PBXNativeTarget "Crypto-App" */ = {
			isa = XCConfigurationList;
			buildConfigurations = (
				3D91623C2BE6B98400441BF9 /* Debug */,
				3D91623D2BE6B98400441BF9 /* Release */,
			);
			defaultConfigurationIsVisible = 0;
			defaultConfigurationName = Release;
		};
/* End XCConfigurationList section */

/* Begin XCRemoteSwiftPackageReference section */
		3D2EC62F2BE6CAD800B89F3F /* XCRemoteSwiftPackageReference "Alamofire" */ = {
			isa = XCRemoteSwiftPackageReference;
			repositoryURL = "https://github.com/Alamofire/Alamofire.git";
			requirement = {
				kind = upToNextMajorVersion;
				minimumVersion = 5.9.1;
			};
		};
		3DAADFFB2BE811E5003A5C33 /* XCRemoteSwiftPackageReference "Kingfisher" */ = {
			isa = XCRemoteSwiftPackageReference;
			repositoryURL = "https://github.com/onevcat/Kingfisher.git";
			requirement = {
				kind = upToNextMajorVersion;
				minimumVersion = 7.11.0;
			};
		};
/* End XCRemoteSwiftPackageReference section */

/* Begin XCSwiftPackageProductDependency section */
		3D2EC6302BE6CAD800B89F3F /* Alamofire */ = {
			isa = XCSwiftPackageProductDependency;
			package = 3D2EC62F2BE6CAD800B89F3F /* XCRemoteSwiftPackageReference "Alamofire" */;
			productName = Alamofire;
		};
		3D2EC6322BE6CAD800B89F3F /* AlamofireDynamic */ = {
			isa = XCSwiftPackageProductDependency;
			package = 3D2EC62F2BE6CAD800B89F3F /* XCRemoteSwiftPackageReference "Alamofire" */;
			productName = AlamofireDynamic;
		};
		3DAADFFC2BE811E5003A5C33 /* Kingfisher */ = {
			isa = XCSwiftPackageProductDependency;
			package = 3DAADFFB2BE811E5003A5C33 /* XCRemoteSwiftPackageReference "Kingfisher" */;
			productName = Kingfisher;
		};
/* End XCSwiftPackageProductDependency section */
	};
	rootObject = 3D91621F2BE6B98300441BF9 /* Project object */;
}
